
Microsoft Visual Studio Solution File, Format Version 12.00
# Visual Studio 15
VisualStudioVersion = 15.0.28307.106
MinimumVisualStudioVersion = 10.0.40219.1
Project("{888888A0-9F3D-457C-B088-3A5042F75D52}") = "FirstPythonApplication", "FirstPythonApplication\FirstPythonApplication.pyproj", "{3DB4D962-0200-4F91-80FE-FACC31231FB9}"
EndProject
Global
	GlobalSection(SolutionConfigurationPlatforms) = preSolution
		Debug|Any CPU = Debug|Any CPU
		Release|Any CPU = Release|Any CPU
	EndGlobalSection
	GlobalSection(ProjectConfigurationPlatforms) = postSolution
		{3DB4D962-0200-4F91-80FE-FACC31231FB9}.Debug|Any CPU.ActiveCfg = Debug|Any CPU
		{3DB4D962-0200-4F91-80FE-FACC31231FB9}.Release|Any CPU.ActiveCfg = Release|Any CPU
	EndGlobalSection
	GlobalSection(SolutionProperties) = preSolution
		HideSolutionNode = FALSE
	EndGlobalSection
	GlobalSection(ExtensibilityGlobals) = postSolution
		SolutionGuid = {08F3333B-8C81-4BFA-A6A4-A4B5543FA357}
	EndGlobalSection
EndGlobal
